
Microsoft Visual Studio Solution File, Format Version 12.00
# Visual Studio Version 16
VisualStudioVersion = 16.0.30503.244
MinimumVisualStudioVersion = 10.0.40219.1
Project("{9A19103F-16F7-4668-BE54-9A1E7A4F7556}") = "Accounting", "Accounting.csproj", "{987B285C-9A75-4A1C-B0B6-07E2583B23C1}"
EndProject
Global
	GlobalSection(SolutionConfigurationPlatforms) = preSolution
		Debug|Any CPU = Debug|Any CPU
		Release|Any CPU = Release|Any CPU
	EndGlobalSection
	GlobalSection(ProjectConfigurationPlatforms) = postSolution
		{987B285C-9A75-4A1C-B0B6-07E2583B23C1}.Debug|Any CPU.ActiveCfg = Debug|Any CPU
		{987B285C-9A75-4A1C-B0B6-07E2583B23C1}.Debug|Any CPU.Build.0 = Debug|Any CPU
		{987B285C-9A75-4A1C-B0B6-07E2583B23C1}.Release|Any CPU.ActiveCfg = Release|Any CPU
		{987B285C-9A75-4A1C-B0B6-07E2583B23C1}.Release|Any CPU.Build.0 = Release|Any CPU
	EndGlobalSection
	GlobalSection(SolutionProperties) = preSolution
		HideSolutionNode = FALSE
	EndGlobalSection
	GlobalSection(ExtensibilityGlobals) = postSolution
		SolutionGuid = {FB65C506-06C2-4F58-9B1A-045448E2E2A1}
	EndGlobalSection
EndGlobal
